<?xml version="1.0" encoding="utf-8"?>
<Project ToolsVersion="4.0" xmlns="http://schemas.microsoft.com/developer/msbuild/2003">
  <ItemGroup>
    <Filter Include="ソース ファイル">
      <UniqueIdentifier>{4FC737F1-C7A5-4376-A066-2A32D752A2FF}</UniqueIdentifier>
      <Extensions>cpp;c;cc;cxx;c++;cppm;ixx;def;odl;idl;hpj;bat;asm;asmx</Extensions>
    </Filter>
    <Filter Include="ヘッダー ファイル">
      <UniqueIdentifier>{93995380-89BD-4b04-88EB-625FBE52EBFB}</UniqueIdentifier>
      <Extensions>h;hh;hpp;hxx;h++;hm;inl;inc;ipp;xsd</Extensions>
    </Filter>
    <Filter Include="リソース ファイル">
      <UniqueIdentifier>{67DA6AB6-F800-4c08-8B7A-83BB121AAD01}</UniqueIdentifier>
      <Extensions>rc;ico;cur;bmp;dlg;rc2;rct;bin;rgs;gif;jpg;jpeg;jpe;resx;tiff;tif;png;wav;mfcribbon-ms</Extensions>
    </Filter>
    <Filter Include="ソース ファイル\base">
      <UniqueIdentifier>{6f993f8c-4640-4284-ba0a-7ea5e066c0de}</UniqueIdentifier>
    </Filter>
    <Filter Include="ヘッダー ファイル\base">
      <UniqueIdentifier>{903719db-a8e6-4c31-9c5f-fa0201073eda}</UniqueIdentifier>
    </Filter>
    <Filter Include="ソース ファイル\Drawer">
      <UniqueIdentifier>{ff7081e2-a07e-44d9-9c59-a01e2b47aa9c}</UniqueIdentifier>
    </Filter>
    <Filter Include="ヘッダー ファイル\Drawer">
      <UniqueIdentifier>{b7ba9b9a-ee03-43e2-9766-84a247fbab96}</UniqueIdentifier>
    </Filter>
    <Filter Include="ソース ファイル\math">
      <UniqueIdentifier>{4387e9c2-9834-42b5-8858-12c68c2060e3}</UniqueIdentifier>
    </Filter>
    <Filter Include="ヘッダー ファイル\math">
      <UniqueIdentifier>{ae0ac8a8-08f0-4fdc-aee0-bc376766f836}</UniqueIdentifier>
    </Filter>
    <Filter Include="シェーダ ファイル">
      <UniqueIdentifier>{9dfe84fe-8119-4607-8b00-8390a5a2a8e4}</UniqueIdentifier>
    </Filter>
    <Filter Include="ソース ファイル\ConstBuffer">
      <UniqueIdentifier>{263692b1-64c5-4e18-8f83-4803e03f94eb}</UniqueIdentifier>
    </Filter>
    <Filter Include="ヘッダー ファイル\ConstBuffer">
      <UniqueIdentifier>{3a8c286b-1d43-4233-9db6-08b215d75bec}</UniqueIdentifier>
    </Filter>
    <Filter Include="ソース ファイル\Game">
      <UniqueIdentifier>{54875764-5be1-47a8-a8ba-ed8f73c65333}</UniqueIdentifier>
    </Filter>
    <Filter Include="ヘッダー ファイル\Game">
      <UniqueIdentifier>{081e5067-28d1-4bb0-93d5-a8532d1f7312}</UniqueIdentifier>
    </Filter>
    <Filter Include="ソース ファイル\Game\Scene">
      <UniqueIdentifier>{43346ed9-df8e-4204-832f-af11166ac722}</UniqueIdentifier>
    </Filter>
    <Filter Include="ヘッダー ファイル\Game\Scene">
      <UniqueIdentifier>{2df4e35c-6300-4ebf-bca6-82bb19d4e89c}</UniqueIdentifier>
    </Filter>
    <Filter Include="ヘッダー ファイル\Function">
      <UniqueIdentifier>{67c04d07-7e6d-40f9-b072-45e9e03aa9b6}</UniqueIdentifier>
    </Filter>
    <Filter Include="ソース ファイル\Function">
      <UniqueIdentifier>{1d450669-1a6d-4371-87eb-dfb1fcf01934}</UniqueIdentifier>
    </Filter>
    <Filter Include="ソース ファイル\Drawer\2d">
      <UniqueIdentifier>{af0096c8-e12f-4256-98a7-47b528a4933a}</UniqueIdentifier>
    </Filter>
    <Filter Include="ソース ファイル\Drawer\3d">
      <UniqueIdentifier>{4ca26c06-58c6-4e47-9284-1b70c6b6389b}</UniqueIdentifier>
    </Filter>
    <Filter Include="ヘッダー ファイル\Drawer\2d">
      <UniqueIdentifier>{b58220ef-7491-4aa3-b09c-34b3c3646e2e}</UniqueIdentifier>
    </Filter>
    <Filter Include="ヘッダー ファイル\Drawer\3d">
      <UniqueIdentifier>{8ad474be-2355-4864-8ed3-5446ec2f0d1c}</UniqueIdentifier>
    </Filter>
    <Filter Include="ソース ファイル\DontUse">
      <UniqueIdentifier>{37c6f427-5804-4c43-b262-70546350cd1d}</UniqueIdentifier>
    </Filter>
    <Filter Include="ヘッダー ファイル\DontUse">
      <UniqueIdentifier>{3076ae9c-7692-4257-b619-6dd0ab16dcfc}</UniqueIdentifier>
    </Filter>
    <Filter Include="ヘッダー ファイル\Game\Player">
      <UniqueIdentifier>{31b819aa-4450-4b32-9f03-acf06b4cba0d}</UniqueIdentifier>
    </Filter>
    <Filter Include="ソース ファイル\Game\Player">
      <UniqueIdentifier>{1c6d14e2-c60f-4de8-9dea-7837fad0dbbf}</UniqueIdentifier>
    </Filter>
    <Filter Include="ヘッダー ファイル\Game\Field">
      <UniqueIdentifier>{e8a1c512-6ed7-4f87-a641-578043127cde}</UniqueIdentifier>
    </Filter>
    <Filter Include="ソース ファイル\Game\Field">
      <UniqueIdentifier>{811d3b11-3bc6-4fda-b3e4-bbb293f98dd2}</UniqueIdentifier>
    </Filter>
  </ItemGroup>
  <ItemGroup>
    <ClCompile Include="main.cpp">
      <Filter>ソース ファイル</Filter>
    </ClCompile>
    <ClCompile Include="DirectXBasis.cpp">
      <Filter>ソース ファイル\base</Filter>
    </ClCompile>
    <ClCompile Include="WinApp.cpp">
      <Filter>ソース ファイル\base</Filter>
    </ClCompile>
    <ClCompile Include="Vector2.cpp">
      <Filter>ソース ファイル\math</Filter>
    </ClCompile>
    <ClCompile Include="Vector3.cpp">
      <Filter>ソース ファイル\math</Filter>
    </ClCompile>
    <ClCompile Include="Vector4.cpp">
      <Filter>ソース ファイル\math</Filter>
    </ClCompile>
    <ClCompile Include="Matrix4.cpp">
      <Filter>ソース ファイル\math</Filter>
    </ClCompile>
    <ClCompile Include="Input.cpp">
      <Filter>ソース ファイル\base</Filter>
    </ClCompile>
    <ClCompile Include="FixFPS.cpp">
      <Filter>ソース ファイル\base</Filter>
    </ClCompile>
    <ClCompile Include="Degree.cpp">
      <Filter>ソース ファイル\math</Filter>
    </ClCompile>
    <ClCompile Include="ViewProjection.cpp">
      <Filter>ソース ファイル\ConstBuffer</Filter>
    </ClCompile>
    <ClCompile Include="WorldTransform.cpp">
      <Filter>ソース ファイル\ConstBuffer</Filter>
    </ClCompile>
    <ClCompile Include="GameMain.cpp">
      <Filter>ソース ファイル\Game</Filter>
    </ClCompile>
    <ClCompile Include="GamePlayScene.cpp">
      <Filter>ソース ファイル\Game\Scene</Filter>
    </ClCompile>
    <ClCompile Include="BaseScene.cpp">
      <Filter>ソース ファイル\Game\Scene</Filter>
    </ClCompile>
    <ClCompile Include="SceneManager.cpp">
      <Filter>ソース ファイル\Game\Scene</Filter>
    </ClCompile>
    <ClCompile Include="Cursor.cpp">
      <Filter>ソース ファイル\Function</Filter>
    </ClCompile>
    <ClCompile Include="Random.cpp">
      <Filter>ソース ファイル\Function</Filter>
    </ClCompile>
    <ClCompile Include="Collision.cpp">
      <Filter>ソース ファイル\Function</Filter>
    </ClCompile>
    <ClCompile Include="Framework.cpp">
      <Filter>ソース ファイル\base</Filter>
    </ClCompile>
    <ClCompile Include="DrawBasis.cpp">
      <Filter>ソース ファイル\Drawer\2d</Filter>
    </ClCompile>
    <ClCompile Include="Sprite.cpp">
      <Filter>ソース ファイル\Drawer\2d</Filter>
    </ClCompile>
    <ClCompile Include="Object3d.cpp">
      <Filter>ソース ファイル\Drawer\3d</Filter>
    </ClCompile>
    <ClCompile Include="Model.cpp">
      <Filter>ソース ファイル\Drawer\3d</Filter>
    </ClCompile>
    <ClCompile Include="ObjectBasis.cpp">
      <Filter>ソース ファイル\DontUse</Filter>
    </ClCompile>
    <ClCompile Include="ModelBackup.cpp">
      <Filter>ソース ファイル\DontUse</Filter>
    </ClCompile>
    <ClCompile Include="MatSet.cpp">
      <Filter>ソース ファイル\Function</Filter>
    </ClCompile>
    <ClCompile Include="Player.cpp">
      <Filter>ソース ファイル\Game\Player</Filter>
    </ClCompile>
    <ClCompile Include="stage.cpp">
      <Filter>ソース ファイル\Game\Field</Filter>
    </ClCompile>
  </ItemGroup>
  <ItemGroup>
    <ClInclude Include="DirectXBasis.h">
      <Filter>ヘッダー ファイル\base</Filter>
    </ClInclude>
    <ClInclude Include="SafeDelete.h">
      <Filter>ヘッダー ファイル\base</Filter>
    </ClInclude>
    <ClInclude Include="WinApp.h">
      <Filter>ヘッダー ファイル\base</Filter>
    </ClInclude>
    <ClInclude Include="Vector2.h">
      <Filter>ヘッダー ファイル\math</Filter>
    </ClInclude>
    <ClInclude Include="Vector3.h">
      <Filter>ヘッダー ファイル\math</Filter>
    </ClInclude>
    <ClInclude Include="Vector4.h">
      <Filter>ヘッダー ファイル\math</Filter>
    </ClInclude>
    <ClInclude Include="Matrix4.h">
      <Filter>ヘッダー ファイル\math</Filter>
    </ClInclude>
    <ClInclude Include="Degree.h">
      <Filter>ヘッダー ファイル\math</Filter>
    </ClInclude>
    <ClInclude Include="Input.h">
      <Filter>ヘッダー ファイル\base</Filter>
    </ClInclude>
    <ClInclude Include="FixFPS.h">
      <Filter>ヘッダー ファイル\base</Filter>
    </ClInclude>
    <ClInclude Include="ViewProjection.h">
      <Filter>ヘッダー ファイル\ConstBuffer</Filter>
    </ClInclude>
    <ClInclude Include="WorldTransform.h">
      <Filter>ヘッダー ファイル\ConstBuffer</Filter>
    </ClInclude>
    <ClInclude Include="GameMain.h">
      <Filter>ヘッダー ファイル\Game</Filter>
    </ClInclude>
    <ClInclude Include="GamePlayScene.h">
      <Filter>ヘッダー ファイル\Game\Scene</Filter>
    </ClInclude>
    <ClInclude Include="BaseScene.h">
      <Filter>ヘッダー ファイル\Game\Scene</Filter>
    </ClInclude>
    <ClInclude Include="Cursor.h">
      <Filter>ヘッダー ファイル\Function</Filter>
    </ClInclude>
    <ClInclude Include="Random.h">
      <Filter>ヘッダー ファイル\Function</Filter>
    </ClInclude>
    <ClInclude Include="Collision.h">
      <Filter>ヘッダー ファイル\Function</Filter>
    </ClInclude>
    <ClInclude Include="Framework.h">
      <Filter>ヘッダー ファイル\base</Filter>
    </ClInclude>
    <ClInclude Include="DrawBasis.h">
      <Filter>ヘッダー ファイル\Drawer\2d</Filter>
    </ClInclude>
    <ClInclude Include="Sprite.h">
      <Filter>ヘッダー ファイル\Drawer\2d</Filter>
    </ClInclude>
    <ClInclude Include="Object3d.h">
      <Filter>ヘッダー ファイル\Drawer\3d</Filter>
    </ClInclude>
    <ClInclude Include="Model.h">
      <Filter>ヘッダー ファイル\Drawer\3d</Filter>
    </ClInclude>
    <ClInclude Include="SceneManager.h">
      <Filter>ヘッダー ファイル\Game\Scene</Filter>
    </ClInclude>
    <ClInclude Include="ModelBackup.h">
      <Filter>ヘッダー ファイル\DontUse</Filter>
    </ClInclude>
    <ClInclude Include="ObjectBasis.h">
      <Filter>ヘッダー ファイル\DontUse</Filter>
    </ClInclude>
    <ClInclude Include="easing.h">
      <Filter>ヘッダー ファイル\Function</Filter>
    </ClInclude>
    <ClInclude Include="MatSet.h">
      <Filter>ヘッダー ファイル\Function</Filter>
    </ClInclude>
    <ClInclude Include="Player.h">
      <Filter>ヘッダー ファイル\Game\Player</Filter>
    </ClInclude>
    <ClInclude Include="stage.h">
      <Filter>ヘッダー ファイル\Game\Field</Filter>
    </ClInclude>
  </ItemGroup>
  <ItemGroup>
    <FxCompile Include="Resource\shader\SpriteVS.hlsl">
      <Filter>シェーダ ファイル</Filter>
    </FxCompile>
    <FxCompile Include="Resource\shader\SpritePS.hlsl">
      <Filter>シェーダ ファイル</Filter>
    </FxCompile>
    <FxCompile Include="Resource\shader\ModelPS.hlsl">
      <Filter>シェーダ ファイル</Filter>
    </FxCompile>
    <FxCompile Include="Resource\shader\ModelVS.hlsl">
      <Filter>シェーダ ファイル</Filter>
    </FxCompile>
    <FxCompile Include="Resource\shader\ObjPS.hlsl">
      <Filter>シェーダ ファイル</Filter>
    </FxCompile>
    <FxCompile Include="Resource\shader\ObjVS.hlsl">
      <Filter>シェーダ ファイル</Filter>
    </FxCompile>
  </ItemGroup>
  <ItemGroup>
    <None Include="Resource\shader\Sprite.hlsli">
      <Filter>シェーダ ファイル</Filter>
    </None>
    <None Include="Resource\shader\Model.hlsli">
      <Filter>シェーダ ファイル</Filter>
    </None>
    <None Include="Resource\shader\Obj.hlsli">
      <Filter>シェーダ ファイル</Filter>
    </None>
  </ItemGroup>
</Project>